
Microsoft Visual Studio Solution File, Format Version 12.00
# Visual Studio Version 17
VisualStudioVersion = 17.4.33205.214
MinimumVisualStudioVersion = 10.0.40219.1
Project("{FAE04EC0-301F-11D3-BF4B-00C04F79EFBC}") = "Login_Panel_Example", "Login_Panel_Example\Login_Panel_Example.csproj", "{21FABF63-20A9-4312-A7ED-5E8562D5BD89}"
EndProject
Global
	GlobalSection(SolutionConfigurationPlatforms) = preSolution
		Debug|Any CPU = Debug|Any CPU
		Release|Any CPU = Release|Any CPU
	EndGlobalSection
	GlobalSection(ProjectConfigurationPlatforms) = postSolution
		{21FABF63-20A9-4312-A7ED-5E8562D5BD89}.Debug|Any CPU.ActiveCfg = Debug|Any CPU
		{21FABF63-20A9-4312-A7ED-5E8562D5BD89}.Debug|Any CPU.Build.0 = Debug|Any CPU
		{21FABF63-20A9-4312-A7ED-5E8562D5BD89}.Release|Any CPU.ActiveCfg = Release|Any CPU
		{21FABF63-20A9-4312-A7ED-5E8562D5BD89}.Release|Any CPU.Build.0 = Release|Any CPU
	EndGlobalSection
	GlobalSection(SolutionProperties) = preSolution
		HideSolutionNode = FALSE
	EndGlobalSection
	GlobalSection(ExtensibilityGlobals) = postSolution
		SolutionGuid = {CAA995DA-C0FC-427B-B4D1-BFFD37668B83}
	EndGlobalSection
EndGlobal
